{
  "projects": [
    {
      "projectId": "dczqNaFYoArv9QmtqhGLsR",
      "version": "latest",
      "dependencies": {},
      "lang": "ts",
      "fileLocks": [
        {
          "type": "globalVariant",
          "assetId": "Pt71tlTNpDnZr",
          "checksum": "6169282f8509860df59fb236fd0c21f0"
        },
        {
          "type": "renderModule",
          "assetId": "TG7tj4i4IGD7",
          "checksum": "62a31ba60f7124cfd38eca898c15f668"
        },
        {
          "type": "cssRules",
          "assetId": "TG7tj4i4IGD7",
          "checksum": "62a31ba60f7124cfd38eca898c15f668"
        },
        {
          "type": "globalVariant",
          "assetId": "AsCuTyckBi",
          "checksum": "5925ac1260b7ff4bd2a15bf91fe42b57"
        },
        {
          "type": "renderModule",
          "assetId": "YczP2_j8Fh",
          "checksum": "05b80b93e8be599333e0f180ffbe5c34"
        },
        {
          "type": "cssRules",
          "assetId": "YczP2_j8Fh",
          "checksum": "05b80b93e8be599333e0f180ffbe5c34"
        },
        {
          "type": "renderModule",
          "assetId": "dyZl0Y5DD8",
          "checksum": "8d974b00881c42a7fbd81749a8d9d769"
        },
        {
          "type": "cssRules",
          "assetId": "dyZl0Y5DD8",
          "checksum": "8d974b00881c42a7fbd81749a8d9d769"
        },
        {
          "type": "renderModule",
          "assetId": "434vhQcoRkn",
          "checksum": "0da9d143a012f57f095a8b41bd178d7b"
        },
        {
          "type": "cssRules",
          "assetId": "434vhQcoRkn",
          "checksum": "0da9d143a012f57f095a8b41bd178d7b"
        },
        {
          "type": "renderModule",
          "assetId": "AIPmHdmqsY",
          "checksum": "fa7582372b441cb1127a59b5bd142771"
        },
        {
          "type": "cssRules",
          "assetId": "AIPmHdmqsY",
          "checksum": "fa7582372b441cb1127a59b5bd142771"
        },
        {
          "type": "renderModule",
          "assetId": "K_3cTz_dlp",
          "checksum": "0a95e6207e7a0c2a36837c4d49dced27"
        },
        {
          "type": "cssRules",
          "assetId": "K_3cTz_dlp",
          "checksum": "0a95e6207e7a0c2a36837c4d49dced27"
        },
        {
          "type": "renderModule",
          "assetId": "iXX9rwSFEyL",
          "checksum": "19e4ac3ea4ae6100983217c98c6bd7d7"
        },
        {
          "type": "cssRules",
          "assetId": "iXX9rwSFEyL",
          "checksum": "19e4ac3ea4ae6100983217c98c6bd7d7"
        },
        {
          "type": "renderModule",
          "assetId": "b0WRjvMctS",
          "checksum": "c171ae184368422cc3594dc077f62124"
        },
        {
          "type": "cssRules",
          "assetId": "b0WRjvMctS",
          "checksum": "c171ae184368422cc3594dc077f62124"
        },
        {
          "type": "renderModule",
          "assetId": "-6Apr9wI1O5",
          "checksum": "3fab04e206e004466be8808e78fb3b5c"
        },
        {
          "type": "cssRules",
          "assetId": "-6Apr9wI1O5",
          "checksum": "3fab04e206e004466be8808e78fb3b5c"
        },
        {
          "type": "renderModule",
          "assetId": "zF_ww3iA59",
          "checksum": "e022d590ce5715c1722acb37c0e8d45b"
        },
        {
          "type": "cssRules",
          "assetId": "zF_ww3iA59",
          "checksum": "e022d590ce5715c1722acb37c0e8d45b"
        },
        {
          "type": "icon",
          "assetId": "1TbpUnBChBh",
          "checksum": "a53aa9d7a902f7b37c16285443cd34d6"
        },
        {
          "type": "icon",
          "assetId": "XqTseEn1E97",
          "checksum": "810d9a47369a08527bd33194eac1dd44"
        },
        {
          "type": "icon",
          "assetId": "Kv0ZYfEWi7y",
          "checksum": "1077cf012652d66cf433396177aa7dfb"
        },
        {
          "type": "icon",
          "assetId": "HwlYeO1i4N",
          "checksum": "5b3361cbdb647e2c0e07f6c43f7b1fa1"
        },
        {
          "type": "icon",
          "assetId": "zadRXlEOY1",
          "checksum": "bbc46e4e5594752dc9d3835dcce80ba3"
        },
        {
          "type": "icon",
          "assetId": "np9P2Ms67F",
          "checksum": "ae31f50e53c21ee801ee9a3a0c044159"
        },
        {
          "type": "renderModule",
          "assetId": "848il-tpeEh",
          "checksum": "70054e0bab12ff279065f7198b32e8cc"
        },
        {
          "type": "cssRules",
          "assetId": "848il-tpeEh",
          "checksum": "70054e0bab12ff279065f7198b32e8cc"
        },
        {
          "type": "icon",
          "assetId": "JJ3xl_PURO",
          "checksum": "670f39c1dd0512a7c09d5d24407f83ba"
        },
        {
          "assetId": "dczqNaFYoArv9QmtqhGLsR",
          "type": "projectCss",
          "checksum": "9d7db432e55d7f0541edf54423ca78ac"
        }
      ],
      "codegenVersion": "0.0.1"
    },
    {
      "projectId": "caTPwKxj5ZrD9LQ7DMdK4Z",
      "version": "3.11.0",
      "dependencies": {},
      "lang": "ts",
      "fileLocks": [
        {
          "assetId": "caTPwKxj5ZrD9LQ7DMdK4Z",
          "type": "projectCss",
          "checksum": "3f861d9934733b06ddcc0158487615ce"
        }
      ],
      "codegenVersion": "0.0.1"
    }
  ],
  "cliVersion": "0.1.205"
}
