{
  "projects": [
    {
      "projectId": "dczqNaFYoArv9QmtqhGLsR",
      "version": "latest",
      "dependencies": {},
      "lang": "ts",
      "fileLocks": [
        {
          "type": "globalVariant",
          "assetId": "Pt71tlTNpDnZr",
          "checksum": "6169282f8509860df59fb236fd0c21f0"
        },
        {
          "type": "renderModule",
          "assetId": "TG7tj4i4IGD7",
          "checksum": "dcfb48d3b47c38b41032d50f208a7264"
        },
        {
          "type": "cssRules",
          "assetId": "TG7tj4i4IGD7",
          "checksum": "dcfb48d3b47c38b41032d50f208a7264"
        },
        {
          "type": "renderModule",
          "assetId": "YczP2_j8Fh",
          "checksum": "d53deb80965eee3cbdc482e0e4397a84"
        },
        {
          "type": "cssRules",
          "assetId": "YczP2_j8Fh",
          "checksum": "d53deb80965eee3cbdc482e0e4397a84"
        },
        {
          "type": "renderModule",
          "assetId": "dyZl0Y5DD8",
          "checksum": "63c3795e774d987abd915d23baf26f1c"
        },
        {
          "type": "cssRules",
          "assetId": "dyZl0Y5DD8",
          "checksum": "63c3795e774d987abd915d23baf26f1c"
        },
        {
          "type": "renderModule",
          "assetId": "434vhQcoRkn",
          "checksum": "afa019c5c33ff6f428494cc5206fa8e5"
        },
        {
          "type": "cssRules",
          "assetId": "434vhQcoRkn",
          "checksum": "afa019c5c33ff6f428494cc5206fa8e5"
        },
        {
          "type": "icon",
          "assetId": "4MjaTm1IpeT",
          "checksum": "9b30256f88b2abc2cb66c4bd19e1aa3a"
        },
        {
          "type": "icon",
          "assetId": "K6gY_eUm0B4",
          "checksum": "ff3a9076661293b77f85360b96ed60ae"
        },
        {
          "type": "renderModule",
          "assetId": "AIPmHdmqsY",
          "checksum": "86129e781dde6252e609438bb2388819"
        },
        {
          "type": "cssRules",
          "assetId": "AIPmHdmqsY",
          "checksum": "86129e781dde6252e609438bb2388819"
        },
        {
          "type": "renderModule",
          "assetId": "848il-tpeEh",
          "checksum": "0a80a654b00e724e4af024185a42bec0"
        },
        {
          "type": "cssRules",
          "assetId": "848il-tpeEh",
          "checksum": "0a80a654b00e724e4af024185a42bec0"
        },
        {
          "type": "icon",
          "assetId": "1TbpUnBChBh",
          "checksum": "a53aa9d7a902f7b37c16285443cd34d6"
        },
        {
          "type": "icon",
          "assetId": "XqTseEn1E97",
          "checksum": "810d9a47369a08527bd33194eac1dd44"
        },
        {
          "type": "renderModule",
          "assetId": "K_3cTz_dlp",
          "checksum": "dc9dad738e1cdbf0ff57a360cc085c48"
        },
        {
          "type": "cssRules",
          "assetId": "K_3cTz_dlp",
          "checksum": "dc9dad738e1cdbf0ff57a360cc085c48"
        },
        {
          "type": "renderModule",
          "assetId": "iXX9rwSFEyL",
          "checksum": "33d03e8ad98c1b2f962453541b38251e"
        },
        {
          "type": "cssRules",
          "assetId": "iXX9rwSFEyL",
          "checksum": "33d03e8ad98c1b2f962453541b38251e"
        },
        {
          "type": "icon",
          "assetId": "Kv0ZYfEWi7y",
          "checksum": "1077cf012652d66cf433396177aa7dfb"
        },
        {
          "type": "renderModule",
          "assetId": "b0WRjvMctS",
          "checksum": "e277860dc0fcc0fba7957a1ddd933ada"
        },
        {
          "type": "cssRules",
          "assetId": "b0WRjvMctS",
          "checksum": "e277860dc0fcc0fba7957a1ddd933ada"
        },
        {
          "type": "icon",
          "assetId": "HwlYeO1i4N",
          "checksum": "5b3361cbdb647e2c0e07f6c43f7b1fa1"
        },
        {
          "assetId": "dczqNaFYoArv9QmtqhGLsR",
          "type": "projectCss",
          "checksum": "4b16ac721ef6fe3c36286abd765492b3"
        }
      ],
      "codegenVersion": "0.0.1"
    },
    {
      "projectId": "caTPwKxj5ZrD9LQ7DMdK4Z",
      "version": "3.11.0",
      "dependencies": {},
      "lang": "ts",
      "fileLocks": [
        {
          "assetId": "caTPwKxj5ZrD9LQ7DMdK4Z",
          "type": "projectCss",
          "checksum": "3f861d9934733b06ddcc0158487615ce"
        }
      ],
      "codegenVersion": "0.0.1"
    }
  ],
  "cliVersion": "0.1.205"
}
